
Microsoft Visual Studio Solution File, Format Version 12.00
# Visual Studio Version 17
VisualStudioVersion = 17.13.35806.99
MinimumVisualStudioVersion = 10.0.40219.1
Project("{FAE04EC0-301F-11D3-BF4B-00C04F79EFBC}") = "kurs", "kurs\kurs.csproj", "{24EAB80F-8EA5-44C6-A27E-6376297E02B7}"
EndProject
Global
	GlobalSection(SolutionConfigurationPlatforms) = preSolution
		Debug|Any CPU = Debug|Any CPU
		Release|Any CPU = Release|Any CPU
	EndGlobalSection
	GlobalSection(ProjectConfigurationPlatforms) = postSolution
		{24EAB80F-8EA5-44C6-A27E-6376297E02B7}.Debug|Any CPU.ActiveCfg = Debug|Any CPU
		{24EAB80F-8EA5-44C6-A27E-6376297E02B7}.Debug|Any CPU.Build.0 = Debug|Any CPU
		{24EAB80F-8EA5-44C6-A27E-6376297E02B7}.Release|Any CPU.ActiveCfg = Release|Any CPU
		{24EAB80F-8EA5-44C6-A27E-6376297E02B7}.Release|Any CPU.Build.0 = Release|Any CPU
	EndGlobalSection
	GlobalSection(SolutionProperties) = preSolution
		HideSolutionNode = FALSE
	EndGlobalSection
	GlobalSection(ExtensibilityGlobals) = postSolution
		SolutionGuid = {D2E1AF63-EF7C-499A-B28E-0481D714705D}
	EndGlobalSection
EndGlobal
